{
  "originHash" : "150b100b3ac03e247e9f0cf3d8eaf5bddc6599a4dbbfc111ec4e3497f0236d40",
  "pins" : [
    {
      "identity" : "swiftnetworking",
      "kind" : "remoteSourceControl",
      "location" : "https://github.com/mrimadali/SwiftNetworking",
      "state" : {
        "branch" : "main",
        "revision" : "5d57bc77f6d290baf08293074cb5b5828af52a5d"
      }
    }
  ],
  "version" : 3
}
